// !$*UTF8*$!
{
	archiveVersion = 1;
	classes = {
	};
	objectVersion = 48;
	objects = {

/* Begin PBXBuildFile section */
		1EBEA7791FB741CC0030D62B /* AppDelegate.m in Sources */ = {isa = PBXBuildFile; fileRef = 1EBEA7781FB741CC0030D62B /* AppDelegate.m */; };
		1EBEA7811FB741CC0030D62B /* Assets.xcassets in Resources */ = {isa = PBXBuildFile; fileRef = 1EBEA7801FB741CC0030D62B /* Assets.xcassets */; };
		1EBEA7841FB741CC0030D62B /* LaunchScreen.storyboard in Resources */ = {isa = PBXBuildFile; fileRef = 1EBEA7821FB741CC0030D62B /* LaunchScreen.storyboard */; };
		1EBEA7871FB741CC0030D62B /* main.m in Sources */ = {isa = PBXBuildFile; fileRef = 1EBEA7861FB741CC0030D62B /* main.m */; };
		1EBEA7911FB741CC0030D62B /* HW01_VargheseDTests.m in Sources */ = {isa = PBXBuildFile; fileRef = 1EBEA7901FB741CC0030D62B /* HW01_VargheseDTests.m */; };
		1EBEA79C1FB741CC0030D62B /* HW01_VargheseDUITests.m in Sources */ = {isa = PBXBuildFile; fileRef = 1EBEA79B1FB741CC0030D62B /* HW01_VargheseDUITests.m */; };
		1EBEA7AC1FB761FA0030D62B /* Images in Resources */ = {isa = PBXBuildFile; fileRef = 1EBEA7AB1FB761FA0030D62B /* Images */; };
		1EBEA7AF1FB780B60030D62B /* CellTableViewCell.m in Sources */ = {isa = PBXBuildFile; fileRef = 1EBEA7AE1FB780B60030D62B /* CellTableViewCell.m */; };
		1EBEA7B21FB783B10030D62B /* TableViewController.m in Sources */ = {isa = PBXBuildFile; fileRef = 1EBEA7B11FB783B10030D62B /* TableViewController.m */; };
		1EBEA7B41FB7881F0030D62B /* parks.plist in Resources */ = {isa = PBXBuildFile; fileRef = 1EBEA7B31FB7881F0030D62B /* parks.plist */; };
		1EBEA7B61FB78DC00030D62B /* Main.storyboard in Resources */ = {isa = PBXBuildFile; fileRef = 1EBEA7B51FB78DC00030D62B /* Main.storyboard */; };
/* End PBXBuildFile section */

/* Begin PBXContainerItemProxy section */
		1EBEA78D1FB741CC0030D62B /* PBXContainerItemProxy */ = {
			isa = PBXContainerItemProxy;
			containerPortal = 1EBEA76C1FB741CC0030D62B /* Project object */;
			proxyType = 1;
			remoteGlobalIDString = 1EBEA7731FB741CC0030D62B;
			remoteInfo = "HW01-VargheseD";
		};
		1EBEA7981FB741CC0030D62B /* PBXContainerItemProxy */ = {
			isa = PBXContainerItemProxy;
			containerPortal = 1EBEA76C1FB741CC0030D62B /* Project object */;
			proxyType = 1;
			remoteGlobalIDString = 1EBEA7731FB741CC0030D62B;
			remoteInfo = "HW01-VargheseD";
		};
/* End PBXContainerItemProxy section */

/* Begin PBXFileReference section */
		1EBEA7741FB741CC0030D62B /* HW01-VargheseD.app */ = {isa = PBXFileReference; explicitFileType = wrapper.application; includeInIndex = 0; path = "HW01-VargheseD.app"; sourceTree = BUILT_PRODUCTS_DIR; };
		1EBEA7771FB741CC0030D62B /* AppDelegate.h */ = {isa = PBXFileReference; lastKnownFileType = sourcecode.c.h; path = AppDelegate.h; sourceTree = "<group>"; };
		1EBEA7781FB741CC0030D62B /* AppDelegate.m */ = {isa = PBXFileReference; lastKnownFileType = sourcecode.c.objc; path = AppDelegate.m; sourceTree = "<group>"; };
		1EBEA7801FB741CC0030D62B /* Assets.xcassets */ = {isa = PBXFileReference; lastKnownFileType = folder.assetcatalog; path = Assets.xcassets; sourceTree = "<group>"; };
		1EBEA7831FB741CC0030D62B /* Base */ = {isa = PBXFileReference; lastKnownFileType = file.storyboard; name = Base; path = Base.lproj/LaunchScreen.storyboard; sourceTree = "<group>"; };
		1EBEA7851FB741CC0030D62B /* Info.plist */ = {isa = PBXFileReference; lastKnownFileType = text.plist.xml; path = Info.plist; sourceTree = "<group>"; };
		1EBEA7861FB741CC0030D62B /* main.m */ = {isa = PBXFileReference; lastKnownFileType = sourcecode.c.objc; path = main.m; sourceTree = "<group>"; };
		1EBEA78C1FB741CC0030D62B /* HW01-VargheseDTests.xctest */ = {isa = PBXFileReference; explicitFileType = wrapper.cfbundle; includeInIndex = 0; path = "HW01-VargheseDTests.xctest"; sourceTree = BUILT_PRODUCTS_DIR; };
		1EBEA7901FB741CC0030D62B /* HW01_VargheseDTests.m */ = {isa = PBXFileReference; lastKnownFileType = sourcecode.c.objc; path = HW01_VargheseDTests.m; sourceTree = "<group>"; };
		1EBEA7921FB741CC0030D62B /* Info.plist */ = {isa = PBXFileReference; lastKnownFileType = text.plist.xml; path = Info.plist; sourceTree = "<group>"; };
		1EBEA7971FB741CC0030D62B /* HW01-VargheseDUITests.xctest */ = {isa = PBXFileReference; explicitFileType = wrapper.cfbundle; includeInIndex = 0; path = "HW01-VargheseDUITests.xctest"; sourceTree = BUILT_PRODUCTS_DIR; };
		1EBEA79B1FB741CC0030D62B /* HW01_VargheseDUITests.m */ = {isa = PBXFileReference; lastKnownFileType = sourcecode.c.objc; path = HW01_VargheseDUITests.m; sourceTree = "<group>"; };
		1EBEA79D1FB741CC0030D62B /* Info.plist */ = {isa = PBXFileReference; lastKnownFileType = text.plist.xml; path = Info.plist; sourceTree = "<group>"; };
		1EBEA7AB1FB761FA0030D62B /* Images */ = {isa = PBXFileReference; lastKnownFileType = folder; path = Images; sourceTree = "<group>"; };
		1EBEA7AD1FB780B60030D62B /* CellTableViewCell.h */ = {isa = PBXFileReference; lastKnownFileType = sourcecode.c.h; path = CellTableViewCell.h; sourceTree = "<group>"; };
		1EBEA7AE1FB780B60030D62B /* CellTableViewCell.m */ = {isa = PBXFileReference; lastKnownFileType = sourcecode.c.objc; path = CellTableViewCell.m; sourceTree = "<group>"; };
		1EBEA7B01FB783B10030D62B /* TableViewController.h */ = {isa = PBXFileReference; lastKnownFileType = sourcecode.c.h; path = TableViewController.h; sourceTree = "<group>"; };
		1EBEA7B11FB783B10030D62B /* TableViewController.m */ = {isa = PBXFileReference; lastKnownFileType = sourcecode.c.objc; path = TableViewController.m; sourceTree = "<group>"; };
		1EBEA7B31FB7881F0030D62B /* parks.plist */ = {isa = PBXFileReference; lastKnownFileType = text.plist.xml; path = parks.plist; sourceTree = "<group>"; };
		1EBEA7B51FB78DC00030D62B /* Main.storyboard */ = {isa = PBXFileReference; fileEncoding = 4; lastKnownFileType = file.storyboard; path = Main.storyboard; sourceTree = "<group>"; };
/* End PBXFileReference section */

/* Begin PBXFrameworksBuildPhase section */
		1EBEA7711FB741CC0030D62B /* Frameworks */ = {
			isa = PBXFrameworksBuildPhase;
			buildActionMask = 2147483647;
			files = (
			);
			runOnlyForDeploymentPostprocessing = 0;
		};
		1EBEA7891FB741CC0030D62B /* Frameworks */ = {
			isa = PBXFrameworksBuildPhase;
			buildActionMask = 2147483647;
			files = (
			);
			runOnlyForDeploymentPostprocessing = 0;
		};
		1EBEA7941FB741CC0030D62B /* Frameworks */ = {
			isa = PBXFrameworksBuildPhase;
			buildActionMask = 2147483647;
			files = (
			);
			runOnlyForDeploymentPostprocessing = 0;
		};
/* End PBXFrameworksBuildPhase section */

/* Begin PBXGroup section */
		1EBEA76B1FB741CC0030D62B = {
			isa = PBXGroup;
			children = (
				1EBEA7761FB741CC0030D62B /* HW01-VargheseD */,
				1EBEA78F1FB741CC0030D62B /* HW01-VargheseDTests */,
				1EBEA79A1FB741CC0030D62B /* HW01-VargheseDUITests */,
				1EBEA7751FB741CC0030D62B /* Products */,
			);
			sourceTree = "<group>";
		};
		1EBEA7751FB741CC0030D62B /* Products */ = {
			isa = PBXGroup;
			children = (
				1EBEA7741FB741CC0030D62B /* HW01-VargheseD.app */,
				1EBEA78C1FB741CC0030D62B /* HW01-VargheseDTests.xctest */,
				1EBEA7971FB741CC0030D62B /* HW01-VargheseDUITests.xctest */,
			);
			name = Products;
			sourceTree = "<group>";
		};
		1EBEA7761FB741CC0030D62B /* HW01-VargheseD */ = {
			isa = PBXGroup;
			children = (
				1EBEA7771FB741CC0030D62B /* AppDelegate.h */,
				1EBEA7781FB741CC0030D62B /* AppDelegate.m */,
				1EBEA7AD1FB780B60030D62B /* CellTableViewCell.h */,
				1EBEA7AE1FB780B60030D62B /* CellTableViewCell.m */,
				1EBEA7B01FB783B10030D62B /* TableViewController.h */,
				1EBEA7B11FB783B10030D62B /* TableViewController.m */,
				1EBEA7B51FB78DC00030D62B /* Main.storyboard */,
				1EBEA7801FB741CC0030D62B /* Assets.xcassets */,
				1EBEA7821FB741CC0030D62B /* LaunchScreen.storyboard */,
				1EBEA7851FB741CC0030D62B /* Info.plist */,
				1EBEA7B31FB7881F0030D62B /* parks.plist */,
				1EBEA7861FB741CC0030D62B /* main.m */,
				1EBEA7AB1FB761FA0030D62B /* Images */,
			);
			path = "HW01-VargheseD";
			sourceTree = "<group>";
		};
		1EBEA78F1FB741CC0030D62B /* HW01-VargheseDTests */ = {
			isa = PBXGroup;
			children = (
				1EBEA7901FB741CC0030D62B /* HW01_VargheseDTests.m */,
				1EBEA7921FB741CC0030D62B /* Info.plist */,
			);
			path = "HW01-VargheseDTests";
			sourceTree = "<group>";
		};
		1EBEA79A1FB741CC0030D62B /* HW01-VargheseDUITests */ = {
			isa = PBXGroup;
			children = (
				1EBEA79B1FB741CC0030D62B /* HW01_VargheseDUITests.m */,
				1EBEA79D1FB741CC0030D62B /* Info.plist */,
			);
			path = "HW01-VargheseDUITests";
			sourceTree = "<group>";
		};
/* End PBXGroup section */

/* Begin PBXNativeTarget section */
		1EBEA7731FB741CC0030D62B /* HW01-VargheseD */ = {
			isa = PBXNativeTarget;
			buildConfigurationList = 1EBEA7A01FB741CC0030D62B /* Build configuration list for PBXNativeTarget "HW01-VargheseD" */;
			buildPhases = (
				1EBEA7701FB741CC0030D62B /* Sources */,
				1EBEA7711FB741CC0030D62B /* Frameworks */,
				1EBEA7721FB741CC0030D62B /* Resources */,
			);
			buildRules = (
			);
			dependencies = (
			);
			name = "HW01-VargheseD";
			productName = "HW01-VargheseD";
			productReference = 1EBEA7741FB741CC0030D62B /* HW01-VargheseD.app */;
			productType = "com.apple.product-type.application";
		};
		1EBEA78B1FB741CC0030D62B /* HW01-VargheseDTests */ = {
			isa = PBXNativeTarget;
			buildConfigurationList = 1EBEA7A31FB741CC0030D62B /* Build configuration list for PBXNativeTarget "HW01-VargheseDTests" */;
			buildPhases = (
				1EBEA7881FB741CC0030D62B /* Sources */,
				1EBEA7891FB741CC0030D62B /* Frameworks */,
				1EBEA78A1FB741CC0030D62B /* Resources */,
			);
			buildRules = (
			);
			dependencies = (
				1EBEA78E1FB741CC0030D62B /* PBXTargetDependency */,
			);
			name = "HW01-VargheseDTests";
			productName = "HW01-VargheseDTests";
			productReference = 1EBEA78C1FB741CC0030D62B /* HW01-VargheseDTests.xctest */;
			productType = "com.apple.product-type.bundle.unit-test";
		};
		1EBEA7961FB741CC0030D62B /* HW01-VargheseDUITests */ = {
			isa = PBXNativeTarget;
			buildConfigurationList = 1EBEA7A61FB741CC0030D62B /* Build configuration list for PBXNativeTarget "HW01-VargheseDUITests" */;
			buildPhases = (
				1EBEA7931FB741CC0030D62B /* Sources */,
				1EBEA7941FB741CC0030D62B /* Frameworks */,
				1EBEA7951FB741CC0030D62B /* Resources */,
			);
			buildRules = (
			);
			dependencies = (
				1EBEA7991FB741CC0030D62B /* PBXTargetDependency */,
			);
			name = "HW01-VargheseDUITests";
			productName = "HW01-VargheseDUITests";
			productReference = 1EBEA7971FB741CC0030D62B /* HW01-VargheseDUITests.xctest */;
			productType = "com.apple.product-type.bundle.ui-testing";
		};
/* End PBXNativeTarget section */

/* Begin PBXProject section */
		1EBEA76C1FB741CC0030D62B /* Project object */ = {
			isa = PBXProject;
			attributes = {
				LastUpgradeCheck = 0910;
				ORGANIZATIONNAME = "Dona varghese";
				TargetAttributes = {
					1EBEA7731FB741CC0030D62B = {
						CreatedOnToolsVersion = 9.1;
						ProvisioningStyle = Automatic;
					};
					1EBEA78B1FB741CC0030D62B = {
						CreatedOnToolsVersion = 9.1;
						ProvisioningStyle = Automatic;
						TestTargetID = 1EBEA7731FB741CC0030D62B;
					};
					1EBEA7961FB741CC0030D62B = {
						CreatedOnToolsVersion = 9.1;
						ProvisioningStyle = Automatic;
						TestTargetID = 1EBEA7731FB741CC0030D62B;
					};
				};
			};
			buildConfigurationList = 1EBEA76F1FB741CC0030D62B /* Build configuration list for PBXProject "HW01-VargheseD" */;
			compatibilityVersion = "Xcode 8.0";
			developmentRegion = en;
			hasScannedForEncodings = 0;
			knownRegions = (
				en,
				Base,
			);
			mainGroup = 1EBEA76B1FB741CC0030D62B;
			productRefGroup = 1EBEA7751FB741CC0030D62B /* Products */;
			projectDirPath = "";
			projectRoot = "";
			targets = (
				1EBEA7731FB741CC0030D62B /* HW01-VargheseD */,
				1EBEA78B1FB741CC0030D62B /* HW01-VargheseDTests */,
				1EBEA7961FB741CC0030D62B /* HW01-VargheseDUITests */,
			);
		};
/* End PBXProject section */

/* Begin PBXResourcesBuildPhase section */
		1EBEA7721FB741CC0030D62B /* Resources */ = {
			isa = PBXResourcesBuildPhase;
			buildActionMask = 2147483647;
			files = (
				1EBEA7AC1FB761FA0030D62B /* Images in Resources */,
				1EBEA7841FB741CC0030D62B /* LaunchScreen.storyboard in Resources */,
				1EBEA7B41FB7881F0030D62B /* parks.plist in Resources */,
				1EBEA7B61FB78DC00030D62B /* Main.storyboard in Resources */,
				1EBEA7811FB741CC0030D62B /* Assets.xcassets in Resources */,
			);
			runOnlyForDeploymentPostprocessing = 0;
		};
		1EBEA78A1FB741CC0030D62B /* Resources */ = {
			isa = PBXResourcesBuildPhase;
			buildActionMask = 2147483647;
			files = (
			);
			runOnlyForDeploymentPostprocessing = 0;
		};
		1EBEA7951FB741CC0030D62B /* Resources */ = {
			isa = PBXResourcesBuildPhase;
			buildActionMask = 2147483647;
			files = (
			);
			runOnlyForDeploymentPostprocessing = 0;
		};
/* End PBXResourcesBuildPhase section */

/* Begin PBXSourcesBuildPhase section */
		1EBEA7701FB741CC0030D62B /* Sources */ = {
			isa = PBXSourcesBuildPhase;
			buildActionMask = 2147483647;
			files = (
				1EBEA7AF1FB780B60030D62B /* CellTableViewCell.m in Sources */,
				1EBEA7871FB741CC0030D62B /* main.m in Sources */,
				1EBEA7B21FB783B10030D62B /* TableViewController.m in Sources */,
				1EBEA7791FB741CC0030D62B /* AppDelegate.m in Sources */,
			);
			runOnlyForDeploymentPostprocessing = 0;
		};
		1EBEA7881FB741CC0030D62B /* Sources */ = {
			isa = PBXSourcesBuildPhase;
			buildActionMask = 2147483647;
			files = (
				1EBEA7911FB741CC0030D62B /* HW01_VargheseDTests.m in Sources */,
			);
			runOnlyForDeploymentPostprocessing = 0;
		};
		1EBEA7931FB741CC0030D62B /* Sources */ = {
			isa = PBXSourcesBuildPhase;
			buildActionMask = 2147483647;
			files = (
				1EBEA79C1FB741CC0030D62B /* HW01_VargheseDUITests.m in Sources */,
			);
			runOnlyForDeploymentPostprocessing = 0;
		};
/* End PBXSourcesBuildPhase section */

/* Begin PBXTargetDependency section */
		1EBEA78E1FB741CC0030D62B /* PBXTargetDependency */ = {
			isa = PBXTargetDependency;
			target = 1EBEA7731FB741CC0030D62B /* HW01-VargheseD */;
			targetProxy = 1EBEA78D1FB741CC0030D62B /* PBXContainerItemProxy */;
		};
		1EBEA7991FB741CC0030D62B /* PBXTargetDependency */ = {
			isa = PBXTargetDependency;
			target = 1EBEA7731FB741CC0030D62B /* HW01-VargheseD */;
			targetProxy = 1EBEA7981FB741CC0030D62B /* PBXContainerItemProxy */;
		};
/* End PBXTargetDependency section */

/* Begin PBXVariantGroup section */
		1EBEA7821FB741CC0030D62B /* LaunchScreen.storyboard */ = {
			isa = PBXVariantGroup;
			children = (
				1EBEA7831FB741CC0030D62B /* Base */,
			);
			name = LaunchScreen.storyboard;
			sourceTree = "<group>";
		};
/* End PBXVariantGroup section */

/* Begin XCBuildConfiguration section */
		1EBEA79E1FB741CC0030D62B /* Debug */ = {
			isa = XCBuildConfiguration;
			buildSettings = {
				ALWAYS_SEARCH_USER_PATHS = NO;
				CLANG_ANALYZER_NONNULL = YES;
				CLANG_ANALYZER_NUMBER_OBJECT_CONVERSION = YES_AGGRESSIVE;
				CLANG_CXX_LANGUAGE_STANDARD = "gnu++14";
				CLANG_CXX_LIBRARY = "libc++";
				CLANG_ENABLE_MODULES = YES;
				CLANG_ENABLE_OBJC_ARC = YES;
				CLANG_WARN_BLOCK_CAPTURE_AUTORELEASING = YES;
				CLANG_WARN_BOOL_CONVERSION = YES;
				CLANG_WARN_COMMA = YES;
				CLANG_WARN_CONSTANT_CONVERSION = YES;
				CLANG_WARN_DIRECT_OBJC_ISA_USAGE = YES_ERROR;
				CLANG_WARN_DOCUMENTATION_COMMENTS = YES;
				CLANG_WARN_EMPTY_BODY = YES;
				CLANG_WARN_ENUM_CONVERSION = YES;
				CLANG_WARN_INFINITE_RECURSION = YES;
				CLANG_WARN_INT_CONVERSION = YES;
				CLANG_WARN_NON_LITERAL_NULL_CONVERSION = YES;
				CLANG_WARN_OBJC_LITERAL_CONVERSION = YES;
				CLANG_WARN_OBJC_ROOT_CLASS = YES_ERROR;
				CLANG_WARN_RANGE_LOOP_ANALYSIS = YES;
				CLANG_WARN_STRICT_PROTOTYPES = YES;
				CLANG_WARN_SUSPICIOUS_MOVE = YES;
				CLANG_WARN_UNGUARDED_AVAILABILITY = YES_AGGRESSIVE;
				CLANG_WARN_UNREACHABLE_CODE = YES;
				CLANG_WARN__DUPLICATE_METHOD_MATCH = YES;
				CODE_SIGN_IDENTITY = "iPhone Developer";
				COPY_PHASE_STRIP = NO;
				DEBUG_INFORMATION_FORMAT = dwarf;
				ENABLE_STRICT_OBJC_MSGSEND = YES;
				ENABLE_TESTABILITY = YES;
				GCC_C_LANGUAGE_STANDARD = gnu11;
				GCC_DYNAMIC_NO_PIC = NO;
				GCC_NO_COMMON_BLOCKS = YES;
				GCC_OPTIMIZATION_LEVEL = 0;
				GCC_PREPROCESSOR_DEFINITIONS = (
					"DEBUG=1",
					"$(inherited)",
				);
				GCC_WARN_64_TO_32_BIT_CONVERSION = YES;
				GCC_WARN_ABOUT_RETURN_TYPE = YES_ERROR;
				GCC_WARN_UNDECLARED_SELECTOR = YES;
				GCC_WARN_UNINITIALIZED_AUTOS = YES_AGGRESSIVE;
				GCC_WARN_UNUSED_FUNCTION = YES;
				GCC_WARN_UNUSED_VARIABLE = YES;
				IPHONEOS_DEPLOYMENT_TARGET = 11.1;
				MTL_ENABLE_DEBUG_INFO = YES;
				ONLY_ACTIVE_ARCH = YES;
				SDKROOT = iphoneos;
			};
			name = Debug;
		};
		1EBEA79F1FB741CC0030D62B /* Release */ = {
			isa = XCBuildConfiguration;
			buildSettings = {
				ALWAYS_SEARCH_USER_PATHS = NO;
				CLANG_ANALYZER_NONNULL = YES;
				CLANG_ANALYZER_NUMBER_OBJECT_CONVERSION = YES_AGGRESSIVE;
				CLANG_CXX_LANGUAGE_STANDARD = "gnu++14";
				CLANG_CXX_LIBRARY = "libc++";
				CLANG_ENABLE_MODULES = YES;
				CLANG_ENABLE_OBJC_ARC = YES;
				CLANG_WARN_BLOCK_CAPTURE_AUTORELEASING = YES;
				CLANG_WARN_BOOL_CONVERSION = YES;
				CLANG_WARN_COMMA = YES;
				CLANG_WARN_CONSTANT_CONVERSION = YES;
				CLANG_WARN_DIRECT_OBJC_ISA_USAGE = YES_ERROR;
				CLANG_WARN_DOCUMENTATION_COMMENTS = YES;
				CLANG_WARN_EMPTY_BODY = YES;
				CLANG_WARN_ENUM_CONVERSION = YES;
				CLANG_WARN_INFINITE_RECURSION = YES;
				CLANG_WARN_INT_CONVERSION = YES;
				CLANG_WARN_NON_LITERAL_NULL_CONVERSION = YES;
				CLANG_WARN_OBJC_LITERAL_CONVERSION = YES;
				CLANG_WARN_OBJC_ROOT_CLASS = YES_ERROR;
				CLANG_WARN_RANGE_LOOP_ANALYSIS = YES;
				CLANG_WARN_STRICT_PROTOTYPES = YES;
				CLANG_WARN_SUSPICIOUS_MOVE = YES;
				CLANG_WARN_UNGUARDED_AVAILABILITY = YES_AGGRESSIVE;
				CLANG_WARN_UNREACHABLE_CODE = YES;
				CLANG_WARN__DUPLICATE_METHOD_MATCH = YES;
				CODE_SIGN_IDENTITY = "iPhone Developer";
				COPY_PHASE_STRIP = NO;
				DEBUG_INFORMATION_FORMAT = "dwarf-with-dsym";
				ENABLE_NS_ASSERTIONS = NO;
				ENABLE_STRICT_OBJC_MSGSEND = YES;
				GCC_C_LANGUAGE_STANDARD = gnu11;
				GCC_NO_COMMON_BLOCKS = YES;
				GCC_WARN_64_TO_32_BIT_CONVERSION = YES;
				GCC_WARN_ABOUT_RETURN_TYPE = YES_ERROR;
				GCC_WARN_UNDECLARED_SELECTOR = YES;
				GCC_WARN_UNINITIALIZED_AUTOS = YES_AGGRESSIVE;
				GCC_WARN_UNUSED_FUNCTION = YES;
				GCC_WARN_UNUSED_VARIABLE = YES;
				IPHONEOS_DEPLOYMENT_TARGET = 11.1;
				MTL_ENABLE_DEBUG_INFO = NO;
				SDKROOT = iphoneos;
				VALIDATE_PRODUCT = YES;
			};
			name = Release;
		};
		1EBEA7A11FB741CC0030D62B /* Debug */ = {
			isa = XCBuildConfiguration;
			buildSettings = {
				ASSETCATALOG_COMPILER_APPICON_NAME = AppIcon;
				CODE_SIGN_STYLE = Automatic;
				INFOPLIST_FILE = "HW01-VargheseD/Info.plist";
				LD_RUNPATH_SEARCH_PATHS = "$(inherited) @executable_path/Frameworks";
				PRODUCT_BUNDLE_IDENTIFIER = "Dona-varghese.HW01-VargheseD";
				PRODUCT_NAME = "$(TARGET_NAME)";
				TARGETED_DEVICE_FAMILY = "1,2";
			};
			name = Debug;
		};
		1EBEA7A21FB741CC0030D62B /* Release */ = {
			isa = XCBuildConfiguration;
			buildSettings = {
				ASSETCATALOG_COMPILER_APPICON_NAME = AppIcon;
				CODE_SIGN_STYLE = Automatic;
				INFOPLIST_FILE = "HW01-VargheseD/Info.plist";
				LD_RUNPATH_SEARCH_PATHS = "$(inherited) @executable_path/Frameworks";
				PRODUCT_BUNDLE_IDENTIFIER = "Dona-varghese.HW01-VargheseD";
				PRODUCT_NAME = "$(TARGET_NAME)";
				TARGETED_DEVICE_FAMILY = "1,2";
			};
			name = Release;
		};
		1EBEA7A41FB741CC0030D62B /* Debug */ = {
			isa = XCBuildConfiguration;
			buildSettings = {
				BUNDLE_LOADER = "$(TEST_HOST)";
				CODE_SIGN_STYLE = Automatic;
				INFOPLIST_FILE = "HW01-VargheseDTests/Info.plist";
				LD_RUNPATH_SEARCH_PATHS = "$(inherited) @executable_path/Frameworks @loader_path/Frameworks";
				PRODUCT_BUNDLE_IDENTIFIER = "Dona-varghese.HW01-VargheseDTests";
				PRODUCT_NAME = "$(TARGET_NAME)";
				TARGETED_DEVICE_FAMILY = "1,2";
				TEST_HOST = "$(BUILT_PRODUCTS_DIR)/HW01-VargheseD.app/HW01-VargheseD";
			};
			name = Debug;
		};
		1EBEA7A51FB741CC0030D62B /* Release */ = {
			isa = XCBuildConfiguration;
			buildSettings = {
				BUNDLE_LOADER = "$(TEST_HOST)";
				CODE_SIGN_STYLE = Automatic;
				INFOPLIST_FILE = "HW01-VargheseDTests/Info.plist";
				LD_RUNPATH_SEARCH_PATHS = "$(inherited) @executable_path/Frameworks @loader_path/Frameworks";
				PRODUCT_BUNDLE_IDENTIFIER = "Dona-varghese.HW01-VargheseDTests";
				PRODUCT_NAME = "$(TARGET_NAME)";
				TARGETED_DEVICE_FAMILY = "1,2";
				TEST_HOST = "$(BUILT_PRODUCTS_DIR)/HW01-VargheseD.app/HW01-VargheseD";
			};
			name = Release;
		};
		1EBEA7A71FB741CC0030D62B /* Debug */ = {
			isa = XCBuildConfiguration;
			buildSettings = {
				CODE_SIGN_STYLE = Automatic;
				INFOPLIST_FILE = "HW01-VargheseDUITests/Info.plist";
				LD_RUNPATH_SEARCH_PATHS = "$(inherited) @executable_path/Frameworks @loader_path/Frameworks";
				PRODUCT_BUNDLE_IDENTIFIER = "Dona-varghese.HW01-VargheseDUITests";
				PRODUCT_NAME = "$(TARGET_NAME)";
				TARGETED_DEVICE_FAMILY = "1,2";
				TEST_TARGET_NAME = "HW01-VargheseD";
			};
			name = Debug;
		};
		1EBEA7A81FB741CC0030D62B /* Release */ = {
			isa = XCBuildConfiguration;
			buildSettings = {
				CODE_SIGN_STYLE = Automatic;
				INFOPLIST_FILE = "HW01-VargheseDUITests/Info.plist";
				LD_RUNPATH_SEARCH_PATHS = "$(inherited) @executable_path/Frameworks @loader_path/Frameworks";
				PRODUCT_BUNDLE_IDENTIFIER = "Dona-varghese.HW01-VargheseDUITests";
				PRODUCT_NAME = "$(TARGET_NAME)";
				TARGETED_DEVICE_FAMILY = "1,2";
				TEST_TARGET_NAME = "HW01-VargheseD";
			};
			name = Release;
		};
/* End XCBuildConfiguration section */

/* Begin XCConfigurationList section */
		1EBEA76F1FB741CC0030D62B /* Build configuration list for PBXProject "HW01-VargheseD" */ = {
			isa = XCConfigurationList;
			buildConfigurations = (
				1EBEA79E1FB741CC0030D62B /* Debug */,
				1EBEA79F1FB741CC0030D62B /* Release */,
			);
			defaultConfigurationIsVisible = 0;
			defaultConfigurationName = Release;
		};
		1EBEA7A01FB741CC0030D62B /* Build configuration list for PBXNativeTarget "HW01-VargheseD" */ = {
			isa = XCConfigurationList;
			buildConfigurations = (
				1EBEA7A11FB741CC0030D62B /* Debug */,
				1EBEA7A21FB741CC0030D62B /* Release */,
			);
			defaultConfigurationIsVisible = 0;
			defaultConfigurationName = Release;
		};
		1EBEA7A31FB741CC0030D62B /* Build configuration list for PBXNativeTarget "HW01-VargheseDTests" */ = {
			isa = XCConfigurationList;
			buildConfigurations = (
				1EBEA7A41FB741CC0030D62B /* Debug */,
				1EBEA7A51FB741CC0030D62B /* Release */,
			);
			defaultConfigurationIsVisible = 0;
			defaultConfigurationName = Release;
		};
		1EBEA7A61FB741CC0030D62B /* Build configuration list for PBXNativeTarget "HW01-VargheseDUITests" */ = {
			isa = XCConfigurationList;
			buildConfigurations = (
				1EBEA7A71FB741CC0030D62B /* Debug */,
				1EBEA7A81FB741CC0030D62B /* Release */,
			);
			defaultConfigurationIsVisible = 0;
			defaultConfigurationName = Release;
		};
/* End XCConfigurationList section */
	};
	rootObject = 1EBEA76C1FB741CC0030D62B /* Project object */;
}
